{
  "nodes": {
    "nixpkgs": {
      "locked": {
        "lastModified": 1772232579,
        "narHash": "sha256-AnpO4Q2YMox0cxvAQEAt10K+O5gbTj0jdtRoUudXKwI=",
        "owner": "nixos",
        "repo": "nixpkgs",
        "rev": "33df6ade037f09e4b373452fa42c31c3ee150f5a",
        "type": "github"
      },
      "original": {
        "owner": "nixos",
        "ref": "release-25.11",
        "repo": "nixpkgs",
        "type": "github"
      }
    },
    "root": {
      "inputs": {
        "nixpkgs": "nixpkgs"
      }
    }
  },
  "root": "root",
  "version": 7
}
